
Microsoft Visual Studio Solution File, Format Version 12.00
# Visual Studio Version 16
VisualStudioVersion = 16.0.30523.141
MinimumVisualStudioVersion = 10.0.40219.1
Project("{9A19103F-16F7-4668-BE54-9A1E7A4F7556}") = "BusinessLogicParty", "BusinessLogicParty\BusinessLogicParty.csproj", "{08F0622C-A8EE-4C06-BA04-B9137CCCC64A}"
EndProject
Project("{9A19103F-16F7-4668-BE54-9A1E7A4F7556}") = "ConsoleAppParty", "ConsoleAppParty\ConsoleAppParty.csproj", "{CA801A7D-36F6-4044-B362-0D2789A8A915}"
EndProject
Project("{9A19103F-16F7-4668-BE54-9A1E7A4F7556}") = "BusinessLogicParty1", "BusinessLogicParty1\BusinessLogicParty1.csproj", "{9F3D7788-6AF6-48D4-8CA0-29E557A11814}"
EndProject
Project("{9A19103F-16F7-4668-BE54-9A1E7A4F7556}") = "ConsoleAppParty1", "ConsoleAppParty1\ConsoleAppParty1.csproj", "{B5818995-9BF9-426A-A688-023F1C77EAC2}"
EndProject
Project("{9A19103F-16F7-4668-BE54-9A1E7A4F7556}") = "Polymorphism", "Polymorphism\Polymorphism.csproj", "{4BCCA81A-9A10-467C-A325-EB7CCD324C88}"
EndProject
Project("{2150E333-8FDC-42A3-9474-1A3956D46DE8}") = "Basics", "Basics", "{307613DA-475A-4BBE-A3BE-759930DE49B1}"
EndProject
Project("{9A19103F-16F7-4668-BE54-9A1E7A4F7556}") = "ConsoleAppBasics", "ConsoleAppBasics\ConsoleAppBasics.csproj", "{FF1210EA-5ED3-4920-AB26-5804F8F46169}"
EndProject
Project("{9A19103F-16F7-4668-BE54-9A1E7A4F7556}") = "Polymorphism_1", "Polymorphism_1\Polymorphism_1.csproj", "{9E44ED82-74D6-4F4F-9BA8-54CF931A9457}"
EndProject
Project("{2150E333-8FDC-42A3-9474-1A3956D46DE8}") = "poly", "poly", "{7A28A581-E123-4C65-B581-F51FA28968B6}"
EndProject
Project("{2150E333-8FDC-42A3-9474-1A3956D46DE8}") = "overerving", "overerving", "{638EDFAA-1AFD-4E44-B977-C2255E8581E0}"
EndProject
Project("{9A19103F-16F7-4668-BE54-9A1E7A4F7556}") = "Inheritance_1", "Inheritance\Inheritance_1.csproj", "{5726C470-9F88-4E48-B9AF-7FCD4EA79D76}"
EndProject
Project("{9A19103F-16F7-4668-BE54-9A1E7A4F7556}") = "ConsoleApp1", "ConsoleApp1\ConsoleApp1.csproj", "{590ACE9C-98C1-4544-91D9-006518772013}"
EndProject
Project("{9A19103F-16F7-4668-BE54-9A1E7A4F7556}") = "Inheritance_2", "Inheritance_2\Inheritance_2.csproj", "{F1418F39-2227-467B-987A-AE6E4BDB7497}"
EndProject
Project("{9A19103F-16F7-4668-BE54-9A1E7A4F7556}") = "ConsoleApp2", "ConsoleApp2\ConsoleApp2.csproj", "{C9ABAA66-D4B5-4A9B-998B-665790EFE5BD}"
EndProject
Project("{2150E333-8FDC-42A3-9474-1A3956D46DE8}") = "versie_1", "versie_1", "{E8A37A05-F91C-4656-8C94-A6BC569CFFB3}"
EndProject
Project("{2150E333-8FDC-42A3-9474-1A3956D46DE8}") = "versie_2", "versie_2", "{0521C168-E849-499A-8D95-0D76447CBF2E}"
EndProject
Project("{2150E333-8FDC-42A3-9474-1A3956D46DE8}") = "versie_3", "versie_3", "{04EC75B0-0E79-4FD4-B85D-93D8A17571EB}"
EndProject
Project("{FAE04EC0-301F-11D3-BF4B-00C04F79EFBC}") = "BusinessLogicParty3", "BusinessLogicParty3\BusinessLogicParty3.csproj", "{4A0E7170-6561-42D2-A4D6-7479AA92C7A8}"
EndProject
Project("{FAE04EC0-301F-11D3-BF4B-00C04F79EFBC}") = "ConsoleApp3", "ConsoleApp3\ConsoleApp3.csproj", "{1D4FBDF9-772D-4602-BD17-059BCEC28F8B}"
EndProject
Global
	GlobalSection(SolutionConfigurationPlatforms) = preSolution
		Debug|Any CPU = Debug|Any CPU
		Release|Any CPU = Release|Any CPU
	EndGlobalSection
	GlobalSection(ProjectConfigurationPlatforms) = postSolution
		{08F0622C-A8EE-4C06-BA04-B9137CCCC64A}.Debug|Any CPU.ActiveCfg = Debug|Any CPU
		{08F0622C-A8EE-4C06-BA04-B9137CCCC64A}.Debug|Any CPU.Build.0 = Debug|Any CPU
		{08F0622C-A8EE-4C06-BA04-B9137CCCC64A}.Release|Any CPU.ActiveCfg = Release|Any CPU
		{08F0622C-A8EE-4C06-BA04-B9137CCCC64A}.Release|Any CPU.Build.0 = Release|Any CPU
		{CA801A7D-36F6-4044-B362-0D2789A8A915}.Debug|Any CPU.ActiveCfg = Debug|Any CPU
		{CA801A7D-36F6-4044-B362-0D2789A8A915}.Debug|Any CPU.Build.0 = Debug|Any CPU
		{CA801A7D-36F6-4044-B362-0D2789A8A915}.Release|Any CPU.ActiveCfg = Release|Any CPU
		{CA801A7D-36F6-4044-B362-0D2789A8A915}.Release|Any CPU.Build.0 = Release|Any CPU
		{9F3D7788-6AF6-48D4-8CA0-29E557A11814}.Debug|Any CPU.ActiveCfg = Debug|Any CPU
		{9F3D7788-6AF6-48D4-8CA0-29E557A11814}.Debug|Any CPU.Build.0 = Debug|Any CPU
		{9F3D7788-6AF6-48D4-8CA0-29E557A11814}.Release|Any CPU.ActiveCfg = Release|Any CPU
		{9F3D7788-6AF6-48D4-8CA0-29E557A11814}.Release|Any CPU.Build.0 = Release|Any CPU
		{B5818995-9BF9-426A-A688-023F1C77EAC2}.Debug|Any CPU.ActiveCfg = Debug|Any CPU
		{B5818995-9BF9-426A-A688-023F1C77EAC2}.Debug|Any CPU.Build.0 = Debug|Any CPU
		{B5818995-9BF9-426A-A688-023F1C77EAC2}.Release|Any CPU.ActiveCfg = Release|Any CPU
		{B5818995-9BF9-426A-A688-023F1C77EAC2}.Release|Any CPU.Build.0 = Release|Any CPU
		{4BCCA81A-9A10-467C-A325-EB7CCD324C88}.Debug|Any CPU.ActiveCfg = Debug|Any CPU
		{4BCCA81A-9A10-467C-A325-EB7CCD324C88}.Debug|Any CPU.Build.0 = Debug|Any CPU
		{4BCCA81A-9A10-467C-A325-EB7CCD324C88}.Release|Any CPU.ActiveCfg = Release|Any CPU
		{4BCCA81A-9A10-467C-A325-EB7CCD324C88}.Release|Any CPU.Build.0 = Release|Any CPU
		{FF1210EA-5ED3-4920-AB26-5804F8F46169}.Debug|Any CPU.ActiveCfg = Debug|Any CPU
		{FF1210EA-5ED3-4920-AB26-5804F8F46169}.Debug|Any CPU.Build.0 = Debug|Any CPU
		{FF1210EA-5ED3-4920-AB26-5804F8F46169}.Release|Any CPU.ActiveCfg = Release|Any CPU
		{FF1210EA-5ED3-4920-AB26-5804F8F46169}.Release|Any CPU.Build.0 = Release|Any CPU
		{9E44ED82-74D6-4F4F-9BA8-54CF931A9457}.Debug|Any CPU.ActiveCfg = Debug|Any CPU
		{9E44ED82-74D6-4F4F-9BA8-54CF931A9457}.Debug|Any CPU.Build.0 = Debug|Any CPU
		{9E44ED82-74D6-4F4F-9BA8-54CF931A9457}.Release|Any CPU.ActiveCfg = Release|Any CPU
		{9E44ED82-74D6-4F4F-9BA8-54CF931A9457}.Release|Any CPU.Build.0 = Release|Any CPU
		{5726C470-9F88-4E48-B9AF-7FCD4EA79D76}.Debug|Any CPU.ActiveCfg = Debug|Any CPU
		{5726C470-9F88-4E48-B9AF-7FCD4EA79D76}.Debug|Any CPU.Build.0 = Debug|Any CPU
		{5726C470-9F88-4E48-B9AF-7FCD4EA79D76}.Release|Any CPU.ActiveCfg = Release|Any CPU
		{5726C470-9F88-4E48-B9AF-7FCD4EA79D76}.Release|Any CPU.Build.0 = Release|Any CPU
		{590ACE9C-98C1-4544-91D9-006518772013}.Debug|Any CPU.ActiveCfg = Debug|Any CPU
		{590ACE9C-98C1-4544-91D9-006518772013}.Debug|Any CPU.Build.0 = Debug|Any CPU
		{590ACE9C-98C1-4544-91D9-006518772013}.Release|Any CPU.ActiveCfg = Release|Any CPU
		{590ACE9C-98C1-4544-91D9-006518772013}.Release|Any CPU.Build.0 = Release|Any CPU
		{F1418F39-2227-467B-987A-AE6E4BDB7497}.Debug|Any CPU.ActiveCfg = Debug|Any CPU
		{F1418F39-2227-467B-987A-AE6E4BDB7497}.Debug|Any CPU.Build.0 = Debug|Any CPU
		{F1418F39-2227-467B-987A-AE6E4BDB7497}.Release|Any CPU.ActiveCfg = Release|Any CPU
		{F1418F39-2227-467B-987A-AE6E4BDB7497}.Release|Any CPU.Build.0 = Release|Any CPU
		{C9ABAA66-D4B5-4A9B-998B-665790EFE5BD}.Debug|Any CPU.ActiveCfg = Debug|Any CPU
		{C9ABAA66-D4B5-4A9B-998B-665790EFE5BD}.Debug|Any CPU.Build.0 = Debug|Any CPU
		{C9ABAA66-D4B5-4A9B-998B-665790EFE5BD}.Release|Any CPU.ActiveCfg = Release|Any CPU
		{C9ABAA66-D4B5-4A9B-998B-665790EFE5BD}.Release|Any CPU.Build.0 = Release|Any CPU
		{4A0E7170-6561-42D2-A4D6-7479AA92C7A8}.Debug|Any CPU.ActiveCfg = Debug|Any CPU
		{4A0E7170-6561-42D2-A4D6-7479AA92C7A8}.Debug|Any CPU.Build.0 = Debug|Any CPU
		{4A0E7170-6561-42D2-A4D6-7479AA92C7A8}.Release|Any CPU.ActiveCfg = Release|Any CPU
		{4A0E7170-6561-42D2-A4D6-7479AA92C7A8}.Release|Any CPU.Build.0 = Release|Any CPU
		{1D4FBDF9-772D-4602-BD17-059BCEC28F8B}.Debug|Any CPU.ActiveCfg = Debug|Any CPU
		{1D4FBDF9-772D-4602-BD17-059BCEC28F8B}.Debug|Any CPU.Build.0 = Debug|Any CPU
		{1D4FBDF9-772D-4602-BD17-059BCEC28F8B}.Release|Any CPU.ActiveCfg = Release|Any CPU
		{1D4FBDF9-772D-4602-BD17-059BCEC28F8B}.Release|Any CPU.Build.0 = Release|Any CPU
	EndGlobalSection
	GlobalSection(SolutionProperties) = preSolution
		HideSolutionNode = FALSE
	EndGlobalSection
	GlobalSection(NestedProjects) = preSolution
		{08F0622C-A8EE-4C06-BA04-B9137CCCC64A} = {0521C168-E849-499A-8D95-0D76447CBF2E}
		{CA801A7D-36F6-4044-B362-0D2789A8A915} = {0521C168-E849-499A-8D95-0D76447CBF2E}
		{9F3D7788-6AF6-48D4-8CA0-29E557A11814} = {E8A37A05-F91C-4656-8C94-A6BC569CFFB3}
		{B5818995-9BF9-426A-A688-023F1C77EAC2} = {E8A37A05-F91C-4656-8C94-A6BC569CFFB3}
		{4BCCA81A-9A10-467C-A325-EB7CCD324C88} = {7A28A581-E123-4C65-B581-F51FA28968B6}
		{FF1210EA-5ED3-4920-AB26-5804F8F46169} = {7A28A581-E123-4C65-B581-F51FA28968B6}
		{9E44ED82-74D6-4F4F-9BA8-54CF931A9457} = {7A28A581-E123-4C65-B581-F51FA28968B6}
		{7A28A581-E123-4C65-B581-F51FA28968B6} = {307613DA-475A-4BBE-A3BE-759930DE49B1}
		{638EDFAA-1AFD-4E44-B977-C2255E8581E0} = {307613DA-475A-4BBE-A3BE-759930DE49B1}
		{5726C470-9F88-4E48-B9AF-7FCD4EA79D76} = {638EDFAA-1AFD-4E44-B977-C2255E8581E0}
		{590ACE9C-98C1-4544-91D9-006518772013} = {638EDFAA-1AFD-4E44-B977-C2255E8581E0}
		{F1418F39-2227-467B-987A-AE6E4BDB7497} = {638EDFAA-1AFD-4E44-B977-C2255E8581E0}
		{C9ABAA66-D4B5-4A9B-998B-665790EFE5BD} = {638EDFAA-1AFD-4E44-B977-C2255E8581E0}
		{4A0E7170-6561-42D2-A4D6-7479AA92C7A8} = {04EC75B0-0E79-4FD4-B85D-93D8A17571EB}
		{1D4FBDF9-772D-4602-BD17-059BCEC28F8B} = {04EC75B0-0E79-4FD4-B85D-93D8A17571EB}
	EndGlobalSection
	GlobalSection(ExtensibilityGlobals) = postSolution
		SolutionGuid = {FE36408B-1334-4201-8BDE-FD91B9D34173}
	EndGlobalSection
EndGlobal
